
Microsoft Visual Studio Solution File, Format Version 12.00
# Visual Studio 15
Project("{FAE04EC0-301F-11D3-BF4B-00C04F79EFBC}") = "Assembly-CSharp", "Assembly-CSharp.csproj", "{3C304A70-34E5-FAEC-648F-227EF48A6854}"
EndProject
Project("{FAE04EC0-301F-11D3-BF4B-00C04F79EFBC}") = "Assembly-CSharp-Editor", "Assembly-CSharp-Editor.csproj", "{C51043A8-3D0B-43A2-C756-0A3546C1FD74}"
EndProject
Global
	GlobalSection(SolutionConfigurationPlatforms) = preSolution
		Debug|Any CPU = Debug|Any CPU
		Release|Any CPU = Release|Any CPU
	EndGlobalSection
	GlobalSection(ProjectConfigurationPlatforms) = postSolution
		{3C304A70-34E5-FAEC-648F-227EF48A6854}.Debug|Any CPU.ActiveCfg = Debug|Any CPU
		{3C304A70-34E5-FAEC-648F-227EF48A6854}.Debug|Any CPU.Build.0 = Debug|Any CPU
		{3C304A70-34E5-FAEC-648F-227EF48A6854}.Release|Any CPU.ActiveCfg = Release|Any CPU
		{3C304A70-34E5-FAEC-648F-227EF48A6854}.Release|Any CPU.Build.0 = Release|Any CPU
		{C51043A8-3D0B-43A2-C756-0A3546C1FD74}.Debug|Any CPU.ActiveCfg = Debug|Any CPU
		{C51043A8-3D0B-43A2-C756-0A3546C1FD74}.Debug|Any CPU.Build.0 = Debug|Any CPU
		{C51043A8-3D0B-43A2-C756-0A3546C1FD74}.Release|Any CPU.ActiveCfg = Release|Any CPU
		{C51043A8-3D0B-43A2-C756-0A3546C1FD74}.Release|Any CPU.Build.0 = Release|Any CPU
	EndGlobalSection
	GlobalSection(SolutionProperties) = preSolution
		HideSolutionNode = FALSE
	EndGlobalSection
EndGlobal
